
Microsoft Visual Studio Solution File, Format Version 12.00
# Visual Studio 14
VisualStudioVersion = 14.0.23107.0
MinimumVisualStudioVersion = 10.0.40219.1
Project("{159641D6-6404-4A2A-AE62-294DE0FE8301}") = "Extra Task for Learning", "Extra Task for Learning\Extra Task for Learning.dtproj", "{B5A69083-DD61-4E7F-BC87-E8B23F250F15}"
EndProject
Global
	GlobalSection(SolutionConfigurationPlatforms) = preSolution
		Development|Default = Development|Default
	EndGlobalSection
	GlobalSection(ProjectConfigurationPlatforms) = postSolution
		{B5A69083-DD61-4E7F-BC87-E8B23F250F15}.Development|Default.ActiveCfg = Development
		{B5A69083-DD61-4E7F-BC87-E8B23F250F15}.Development|Default.Build.0 = Development
	EndGlobalSection
	GlobalSection(SolutionProperties) = preSolution
		HideSolutionNode = FALSE
	EndGlobalSection
EndGlobal
